
Microsoft Visual Studio Solution File, Format Version 12.00
# Visual Studio Version 17
VisualStudioVersion = 17.0.31903.59
MinimumVisualStudioVersion = 10.0.40219.1
Project("{9A19103F-16F7-4668-BE54-9A1E7A4F7556}") = "ArrayConsoleApp", "ArrayConsoleApp\ArrayConsoleApp.csproj", "{71422D1D-76BC-483C-9C1D-079A2BAD725E}"
EndProject
Project("{9A19103F-16F7-4668-BE54-9A1E7A4F7556}") = "ArrayTests", "ArrayTests\ArrayTests.csproj", "{DF74C175-A286-4BDE-9311-CFBD2D3D12A8}"
EndProject
Project("{FAE04EC0-301F-11D3-BF4B-00C04F79EFBC}") = "Array", "Array\Array.csproj", "{B3879A30-8534-460F-97FE-D07BA8408727}"
EndProject
Global
	GlobalSection(SolutionConfigurationPlatforms) = preSolution
		Debug|Any CPU = Debug|Any CPU
		Release|Any CPU = Release|Any CPU
	EndGlobalSection
	GlobalSection(ProjectConfigurationPlatforms) = postSolution
		{71422D1D-76BC-483C-9C1D-079A2BAD725E}.Debug|Any CPU.ActiveCfg = Debug|Any CPU
		{71422D1D-76BC-483C-9C1D-079A2BAD725E}.Debug|Any CPU.Build.0 = Debug|Any CPU
		{71422D1D-76BC-483C-9C1D-079A2BAD725E}.Release|Any CPU.ActiveCfg = Release|Any CPU
		{71422D1D-76BC-483C-9C1D-079A2BAD725E}.Release|Any CPU.Build.0 = Release|Any CPU
		{DF74C175-A286-4BDE-9311-CFBD2D3D12A8}.Debug|Any CPU.ActiveCfg = Debug|Any CPU
		{DF74C175-A286-4BDE-9311-CFBD2D3D12A8}.Debug|Any CPU.Build.0 = Debug|Any CPU
		{DF74C175-A286-4BDE-9311-CFBD2D3D12A8}.Release|Any CPU.ActiveCfg = Release|Any CPU
		{DF74C175-A286-4BDE-9311-CFBD2D3D12A8}.Release|Any CPU.Build.0 = Release|Any CPU
		{B3879A30-8534-460F-97FE-D07BA8408727}.Debug|Any CPU.ActiveCfg = Debug|Any CPU
		{B3879A30-8534-460F-97FE-D07BA8408727}.Debug|Any CPU.Build.0 = Debug|Any CPU
		{B3879A30-8534-460F-97FE-D07BA8408727}.Release|Any CPU.ActiveCfg = Release|Any CPU
		{B3879A30-8534-460F-97FE-D07BA8408727}.Release|Any CPU.Build.0 = Release|Any CPU
	EndGlobalSection
	GlobalSection(SolutionProperties) = preSolution
		HideSolutionNode = FALSE
	EndGlobalSection
	GlobalSection(ExtensibilityGlobals) = postSolution
		SolutionGuid = {0470E462-3D7E-4801-9548-7C9E939B9B9B}
	EndGlobalSection
EndGlobal
